{
    "name": "homebridge-whirlpool-notifier",
    "version": "0.0.1",
    "lockfileVersion": 3,
    "requires": true,
    "packages": {
        "": {
            "name": "homebridge-whirlpool-notifier",
            "version": "0.0.1",
            "funding": [
                {
                    "type": "github",
                    "url": "https://github.com/sponsors/pschroeder89"
                },
                {
                    "type": "paypal",
                    "url": "https://www.paypal.me/pschroeder89"
                }
            ],
            "license": "MIT",
            "engines": {
                "homebridge": ">=0.2.0",
                "node": ">=0.12.0"
            }
        }
    }
}
